
Microsoft Visual Studio Solution File, Format Version 12.00
# Visual Studio 15
VisualStudioVersion = 15.0.27130.2036
MinimumVisualStudioVersion = 10.0.40219.1
Project("{FAE04EC0-301F-11D3-BF4B-00C04F79EFBC}") = "Application Form", "Application Form\Application Form.csproj", "{1C829B28-127D-47BD-8577-BF8577A09947}"
EndProject
Global
	GlobalSection(SolutionConfigurationPlatforms) = preSolution
		Debug|Any CPU = Debug|Any CPU
		Release|Any CPU = Release|Any CPU
	EndGlobalSection
	GlobalSection(ProjectConfigurationPlatforms) = postSolution
		{1C829B28-127D-47BD-8577-BF8577A09947}.Debug|Any CPU.ActiveCfg = Debug|Any CPU
		{1C829B28-127D-47BD-8577-BF8577A09947}.Debug|Any CPU.Build.0 = Debug|Any CPU
		{1C829B28-127D-47BD-8577-BF8577A09947}.Release|Any CPU.ActiveCfg = Release|Any CPU
		{1C829B28-127D-47BD-8577-BF8577A09947}.Release|Any CPU.Build.0 = Release|Any CPU
	EndGlobalSection
	GlobalSection(SolutionProperties) = preSolution
		HideSolutionNode = FALSE
	EndGlobalSection
	GlobalSection(ExtensibilityGlobals) = postSolution
		SolutionGuid = {17B3939D-876E-4837-8296-0C9EB90D4DE4}
	EndGlobalSection
EndGlobal
